
Microsoft Visual Studio Solution File, Format Version 12.00
# Visual Studio 15
VisualStudioVersion = 15.0.27703.2042
MinimumVisualStudioVersion = 10.0.40219.1
Project("{888888A0-9F3D-457C-B088-3A5042F75D52}") = "IRB 1600", "IRB 1600\IRB 1600.pyproj", "{B4C1F0EB-A222-476E-A28C-9EE65C7B7F02}"
EndProject
Global
	GlobalSection(SolutionConfigurationPlatforms) = preSolution
		Debug|Any CPU = Debug|Any CPU
		Release|Any CPU = Release|Any CPU
	EndGlobalSection
	GlobalSection(ProjectConfigurationPlatforms) = postSolution
		{B4C1F0EB-A222-476E-A28C-9EE65C7B7F02}.Debug|Any CPU.ActiveCfg = Debug|Any CPU
		{B4C1F0EB-A222-476E-A28C-9EE65C7B7F02}.Release|Any CPU.ActiveCfg = Release|Any CPU
	EndGlobalSection
	GlobalSection(SolutionProperties) = preSolution
		HideSolutionNode = FALSE
	EndGlobalSection
	GlobalSection(ExtensibilityGlobals) = postSolution
		SolutionGuid = {59041B9C-02FE-4F84-8E29-9112B80224B5}
	EndGlobalSection
EndGlobal
